
Microsoft Visual Studio Solution File, Format Version 12.00
# Visual Studio 15
VisualStudioVersion = 15.0.27004.2006
MinimumVisualStudioVersion = 10.0.40219.1
Project("{FAE04EC0-301F-11D3-BF4B-00C04F79EFBC}") = "PolV3Istasyoncu.Portable", "PolV3Mobile.Istasyoncu\Portable\PolV3Istasyoncu.Portable.csproj", "{8CBB691F-7078-4420-94D6-D739F95E01AA}"
EndProject
Project("{FAE04EC0-301F-11D3-BF4B-00C04F79EFBC}") = "PolV3Istasyoncu.Android", "PolV3Mobile.Istasyoncu\Android\PolV3Istasyoncu.Android.csproj", "{BC74FC21-B553-4AA3-8B91-4DFD36AA1B19}"
	ProjectSection(ProjectDependencies) = postProject
		{8CBB691F-7078-4420-94D6-D739F95E01AA} = {8CBB691F-7078-4420-94D6-D739F95E01AA}
	EndProjectSection
EndProject
Project("{FAE04EC0-301F-11D3-BF4B-00C04F79EFBC}") = "PolV3Istasyoncu.iOS", "PolV3Mobile.Istasyoncu\iOS\PolV3Istasyoncu.iOS.csproj", "{4C6D2D92-1582-451B-91EB-2BF0B701A503}"
EndProject
Global
	GlobalSection(SolutionConfigurationPlatforms) = preSolution
		Ad-Hoc|Any CPU = Ad-Hoc|Any CPU
		Ad-Hoc|iPhone = Ad-Hoc|iPhone
		Ad-Hoc|iPhoneSimulator = Ad-Hoc|iPhoneSimulator
		AppStore|Any CPU = AppStore|Any CPU
		AppStore|iPhone = AppStore|iPhone
		AppStore|iPhoneSimulator = AppStore|iPhoneSimulator
		Debug|Any CPU = Debug|Any CPU
		Debug|iPhone = Debug|iPhone
		Debug|iPhoneSimulator = Debug|iPhoneSimulator
		Release|Any CPU = Release|Any CPU
		Release|iPhone = Release|iPhone
		Release|iPhoneSimulator = Release|iPhoneSimulator
	EndGlobalSection
	GlobalSection(ProjectConfigurationPlatforms) = postSolution
		{8CBB691F-7078-4420-94D6-D739F95E01AA}.Ad-Hoc|Any CPU.ActiveCfg = Release|Any CPU
		{8CBB691F-7078-4420-94D6-D739F95E01AA}.Ad-Hoc|Any CPU.Build.0 = Release|Any CPU
		{8CBB691F-7078-4420-94D6-D739F95E01AA}.Ad-Hoc|iPhone.ActiveCfg = Release|Any CPU
		{8CBB691F-7078-4420-94D6-D739F95E01AA}.Ad-Hoc|iPhone.Build.0 = Release|Any CPU
		{8CBB691F-7078-4420-94D6-D739F95E01AA}.Ad-Hoc|iPhoneSimulator.ActiveCfg = Release|Any CPU
		{8CBB691F-7078-4420-94D6-D739F95E01AA}.Ad-Hoc|iPhoneSimulator.Build.0 = Release|Any CPU
		{8CBB691F-7078-4420-94D6-D739F95E01AA}.AppStore|Any CPU.ActiveCfg = Release|Any CPU
		{8CBB691F-7078-4420-94D6-D739F95E01AA}.AppStore|Any CPU.Build.0 = Release|Any CPU
		{8CBB691F-7078-4420-94D6-D739F95E01AA}.AppStore|iPhone.ActiveCfg = Release|Any CPU
		{8CBB691F-7078-4420-94D6-D739F95E01AA}.AppStore|iPhone.Build.0 = Release|Any CPU
		{8CBB691F-7078-4420-94D6-D739F95E01AA}.AppStore|iPhoneSimulator.ActiveCfg = Release|Any CPU
		{8CBB691F-7078-4420-94D6-D739F95E01AA}.AppStore|iPhoneSimulator.Build.0 = Release|Any CPU
		{8CBB691F-7078-4420-94D6-D739F95E01AA}.Debug|Any CPU.ActiveCfg = Debug|Any CPU
		{8CBB691F-7078-4420-94D6-D739F95E01AA}.Debug|Any CPU.Build.0 = Debug|Any CPU
		{8CBB691F-7078-4420-94D6-D739F95E01AA}.Debug|iPhone.ActiveCfg = Debug|Any CPU
		{8CBB691F-7078-4420-94D6-D739F95E01AA}.Debug|iPhone.Build.0 = Debug|Any CPU
		{8CBB691F-7078-4420-94D6-D739F95E01AA}.Debug|iPhoneSimulator.ActiveCfg = Debug|Any CPU
		{8CBB691F-7078-4420-94D6-D739F95E01AA}.Debug|iPhoneSimulator.Build.0 = Debug|Any CPU
		{8CBB691F-7078-4420-94D6-D739F95E01AA}.Release|Any CPU.ActiveCfg = Release|Any CPU
		{8CBB691F-7078-4420-94D6-D739F95E01AA}.Release|Any CPU.Build.0 = Release|Any CPU
		{8CBB691F-7078-4420-94D6-D739F95E01AA}.Release|iPhone.ActiveCfg = Release|Any CPU
		{8CBB691F-7078-4420-94D6-D739F95E01AA}.Release|iPhone.Build.0 = Release|Any CPU
		{8CBB691F-7078-4420-94D6-D739F95E01AA}.Release|iPhoneSimulator.ActiveCfg = Release|Any CPU
		{8CBB691F-7078-4420-94D6-D739F95E01AA}.Release|iPhoneSimulator.Build.0 = Release|Any CPU
		{BC74FC21-B553-4AA3-8B91-4DFD36AA1B19}.Ad-Hoc|Any CPU.ActiveCfg = Release|Any CPU
		{BC74FC21-B553-4AA3-8B91-4DFD36AA1B19}.Ad-Hoc|Any CPU.Build.0 = Release|Any CPU
		{BC74FC21-B553-4AA3-8B91-4DFD36AA1B19}.Ad-Hoc|Any CPU.Deploy.0 = Release|Any CPU
		{BC74FC21-B553-4AA3-8B91-4DFD36AA1B19}.Ad-Hoc|iPhone.ActiveCfg = Release|Any CPU
		{BC74FC21-B553-4AA3-8B91-4DFD36AA1B19}.Ad-Hoc|iPhone.Build.0 = Release|Any CPU
		{BC74FC21-B553-4AA3-8B91-4DFD36AA1B19}.Ad-Hoc|iPhone.Deploy.0 = Release|Any CPU
		{BC74FC21-B553-4AA3-8B91-4DFD36AA1B19}.Ad-Hoc|iPhoneSimulator.ActiveCfg = Release|Any CPU
		{BC74FC21-B553-4AA3-8B91-4DFD36AA1B19}.Ad-Hoc|iPhoneSimulator.Build.0 = Release|Any CPU
		{BC74FC21-B553-4AA3-8B91-4DFD36AA1B19}.Ad-Hoc|iPhoneSimulator.Deploy.0 = Release|Any CPU
		{BC74FC21-B553-4AA3-8B91-4DFD36AA1B19}.AppStore|Any CPU.ActiveCfg = Release|Any CPU
		{BC74FC21-B553-4AA3-8B91-4DFD36AA1B19}.AppStore|Any CPU.Build.0 = Release|Any CPU
		{BC74FC21-B553-4AA3-8B91-4DFD36AA1B19}.AppStore|Any CPU.Deploy.0 = Release|Any CPU
		{BC74FC21-B553-4AA3-8B91-4DFD36AA1B19}.AppStore|iPhone.ActiveCfg = Release|Any CPU
		{BC74FC21-B553-4AA3-8B91-4DFD36AA1B19}.AppStore|iPhone.Build.0 = Release|Any CPU
		{BC74FC21-B553-4AA3-8B91-4DFD36AA1B19}.AppStore|iPhone.Deploy.0 = Release|Any CPU
		{BC74FC21-B553-4AA3-8B91-4DFD36AA1B19}.AppStore|iPhoneSimulator.ActiveCfg = Release|Any CPU
		{BC74FC21-B553-4AA3-8B91-4DFD36AA1B19}.AppStore|iPhoneSimulator.Build.0 = Release|Any CPU
		{BC74FC21-B553-4AA3-8B91-4DFD36AA1B19}.AppStore|iPhoneSimulator.Deploy.0 = Release|Any CPU
		{BC74FC21-B553-4AA3-8B91-4DFD36AA1B19}.Debug|Any CPU.ActiveCfg = Debug|Any CPU
		{BC74FC21-B553-4AA3-8B91-4DFD36AA1B19}.Debug|Any CPU.Build.0 = Debug|Any CPU
		{BC74FC21-B553-4AA3-8B91-4DFD36AA1B19}.Debug|Any CPU.Deploy.0 = Debug|Any CPU
		{BC74FC21-B553-4AA3-8B91-4DFD36AA1B19}.Debug|iPhone.ActiveCfg = Debug|Any CPU
		{BC74FC21-B553-4AA3-8B91-4DFD36AA1B19}.Debug|iPhone.Build.0 = Debug|Any CPU
		{BC74FC21-B553-4AA3-8B91-4DFD36AA1B19}.Debug|iPhone.Deploy.0 = Debug|Any CPU
		{BC74FC21-B553-4AA3-8B91-4DFD36AA1B19}.Debug|iPhoneSimulator.ActiveCfg = Debug|Any CPU
		{BC74FC21-B553-4AA3-8B91-4DFD36AA1B19}.Release|Any CPU.ActiveCfg = Release|Any CPU
		{BC74FC21-B553-4AA3-8B91-4DFD36AA1B19}.Release|Any CPU.Build.0 = Release|Any CPU
		{BC74FC21-B553-4AA3-8B91-4DFD36AA1B19}.Release|Any CPU.Deploy.0 = Release|Any CPU
		{BC74FC21-B553-4AA3-8B91-4DFD36AA1B19}.Release|iPhone.ActiveCfg = Release|Any CPU
		{BC74FC21-B553-4AA3-8B91-4DFD36AA1B19}.Release|iPhone.Build.0 = Release|Any CPU
		{BC74FC21-B553-4AA3-8B91-4DFD36AA1B19}.Release|iPhone.Deploy.0 = Release|Any CPU
		{BC74FC21-B553-4AA3-8B91-4DFD36AA1B19}.Release|iPhoneSimulator.ActiveCfg = Release|Any CPU
		{BC74FC21-B553-4AA3-8B91-4DFD36AA1B19}.Release|iPhoneSimulator.Build.0 = Release|Any CPU
		{BC74FC21-B553-4AA3-8B91-4DFD36AA1B19}.Release|iPhoneSimulator.Deploy.0 = Release|Any CPU
		{4C6D2D92-1582-451B-91EB-2BF0B701A503}.Ad-Hoc|Any CPU.ActiveCfg = Ad-Hoc|iPhone
		{4C6D2D92-1582-451B-91EB-2BF0B701A503}.Ad-Hoc|iPhone.ActiveCfg = Ad-Hoc|iPhone
		{4C6D2D92-1582-451B-91EB-2BF0B701A503}.Ad-Hoc|iPhone.Build.0 = Ad-Hoc|iPhone
		{4C6D2D92-1582-451B-91EB-2BF0B701A503}.Ad-Hoc|iPhoneSimulator.ActiveCfg = Ad-Hoc|iPhoneSimulator
		{4C6D2D92-1582-451B-91EB-2BF0B701A503}.Ad-Hoc|iPhoneSimulator.Build.0 = Ad-Hoc|iPhoneSimulator
		{4C6D2D92-1582-451B-91EB-2BF0B701A503}.AppStore|Any CPU.ActiveCfg = AppStore|iPhone
		{4C6D2D92-1582-451B-91EB-2BF0B701A503}.AppStore|iPhone.ActiveCfg = AppStore|iPhone
		{4C6D2D92-1582-451B-91EB-2BF0B701A503}.AppStore|iPhone.Build.0 = AppStore|iPhone
		{4C6D2D92-1582-451B-91EB-2BF0B701A503}.AppStore|iPhoneSimulator.ActiveCfg = AppStore|iPhoneSimulator
		{4C6D2D92-1582-451B-91EB-2BF0B701A503}.AppStore|iPhoneSimulator.Build.0 = AppStore|iPhoneSimulator
		{4C6D2D92-1582-451B-91EB-2BF0B701A503}.Debug|Any CPU.ActiveCfg = Debug|iPhoneSimulator
		{4C6D2D92-1582-451B-91EB-2BF0B701A503}.Debug|iPhone.ActiveCfg = Debug|iPhone
		{4C6D2D92-1582-451B-91EB-2BF0B701A503}.Debug|iPhone.Build.0 = Debug|iPhone
		{4C6D2D92-1582-451B-91EB-2BF0B701A503}.Debug|iPhoneSimulator.ActiveCfg = Debug|iPhoneSimulator
		{4C6D2D92-1582-451B-91EB-2BF0B701A503}.Debug|iPhoneSimulator.Build.0 = Debug|iPhoneSimulator
		{4C6D2D92-1582-451B-91EB-2BF0B701A503}.Debug|iPhoneSimulator.Deploy.0 = Debug|iPhoneSimulator
		{4C6D2D92-1582-451B-91EB-2BF0B701A503}.Release|Any CPU.ActiveCfg = Release|iPhone
		{4C6D2D92-1582-451B-91EB-2BF0B701A503}.Release|iPhone.ActiveCfg = Release|iPhone
		{4C6D2D92-1582-451B-91EB-2BF0B701A503}.Release|iPhone.Build.0 = Release|iPhone
		{4C6D2D92-1582-451B-91EB-2BF0B701A503}.Release|iPhoneSimulator.ActiveCfg = Release|iPhoneSimulator
		{4C6D2D92-1582-451B-91EB-2BF0B701A503}.Release|iPhoneSimulator.Build.0 = Release|iPhoneSimulator
	EndGlobalSection
	GlobalSection(SolutionProperties) = preSolution
		HideSolutionNode = FALSE
	EndGlobalSection
	GlobalSection(ExtensibilityGlobals) = postSolution
		SolutionGuid = {45B297E1-FB95-49AB-8923-73610E5AD48B}
	EndGlobalSection
	GlobalSection(TeamFoundationVersionControl) = preSolution
		SccNumberOfProjects = 4
		SccEnterpriseProvider = {4CA58AB2-18FA-4F8D-95D4-32DDF27D184C}
		SccTeamFoundationServer = http://tfs:8080/tfs/merkezi%20y%C3%B6netim%20projeleri
		SccLocalPath0 = .
		SccProjectUniqueName1 = PolV3Mobile.Istasyoncu\\Android\\PolV3Istasyoncu.Android.csproj
		SccProjectName1 = PolV3Mobile.Istasyoncu/Android
		SccLocalPath1 = PolV3Mobile.Istasyoncu\\Android
		SccProjectUniqueName2 = PolV3Mobile.Istasyoncu\\iOS\\PolV3Istasyoncu.iOS.csproj
		SccProjectName2 = PolV3Mobile.Istasyoncu/iOS
		SccLocalPath2 = PolV3Mobile.Istasyoncu\\iOS
		SccProjectUniqueName3 = PolV3Mobile.Istasyoncu\\Portable\\PolV3Istasyoncu.Portable.csproj
		SccProjectName3 = PolV3Mobile.Istasyoncu/Portable
		SccLocalPath3 = PolV3Mobile.Istasyoncu\\Portable
	EndGlobalSection
EndGlobal
